
Microsoft Visual Studio Solution File, Format Version 12.00
# Visual Studio Version 17
VisualStudioVersion = 17.9.34728.123
MinimumVisualStudioVersion = 10.0.40219.1
Project("{9A19103F-16F7-4668-BE54-9A1E7A4F7556}") = "DrumBuddy.Client", "DrumBuddy.Client\DrumBuddy.Client.csproj", "{33221A92-6E88-4BE0-ACCF-7DB5BD6BB26F}"
EndProject
Project("{9A19103F-16F7-4668-BE54-9A1E7A4F7556}") = "DrumBuddy.Core", "DrumBuddy.Core\DrumBuddy.Core.csproj", "{BC7AE4F7-2829-456F-81B4-468142F74E43}"
EndProject
Project("{9A19103F-16F7-4668-BE54-9A1E7A4F7556}") = "DrumBuddy.IO", "DrumBuddy.IO\DrumBuddy.IO.csproj", "{0EAC9624-359B-4B44-ABA0-5C9F8E2710FF}"
EndProject
Project("{9A19103F-16F7-4668-BE54-9A1E7A4F7556}") = "DrumBuddy.Core.Unit", "DrumBuddy.Unit\DrumBuddy.Core.Unit.csproj", "{52354F9F-A702-45F7-A052-A29BA2DC290D}"
EndProject
Project("{FAE04EC0-301F-11D3-BF4B-00C04F79EFBC}") = "DrumBuddy.Client.Unit", "DrumBuddy.Client.Unit\DrumBuddy.Client.Unit.csproj", "{F85E51F1-CD45-486C-87CA-4FAB85D5DD8E}"
EndProject
Project("{FAE04EC0-301F-11D3-BF4B-00C04F79EFBC}") = "DrumBuddy.Benchmark", "DrumBuddy.Benchmark\DrumBuddy.Benchmark.csproj", "{A659F6C4-D456-4060-A468-D4CB4608D64C}"
EndProject
Global
	GlobalSection(SolutionConfigurationPlatforms) = preSolution
		Debug|Any CPU = Debug|Any CPU
		Release|Any CPU = Release|Any CPU
	EndGlobalSection
	GlobalSection(ProjectConfigurationPlatforms) = postSolution
		{33221A92-6E88-4BE0-ACCF-7DB5BD6BB26F}.Debug|Any CPU.ActiveCfg = Debug|Any CPU
		{33221A92-6E88-4BE0-ACCF-7DB5BD6BB26F}.Debug|Any CPU.Build.0 = Debug|Any CPU
		{33221A92-6E88-4BE0-ACCF-7DB5BD6BB26F}.Release|Any CPU.ActiveCfg = Release|Any CPU
		{33221A92-6E88-4BE0-ACCF-7DB5BD6BB26F}.Release|Any CPU.Build.0 = Release|Any CPU
		{BC7AE4F7-2829-456F-81B4-468142F74E43}.Debug|Any CPU.ActiveCfg = Debug|Any CPU
		{BC7AE4F7-2829-456F-81B4-468142F74E43}.Debug|Any CPU.Build.0 = Debug|Any CPU
		{BC7AE4F7-2829-456F-81B4-468142F74E43}.Release|Any CPU.ActiveCfg = Release|Any CPU
		{BC7AE4F7-2829-456F-81B4-468142F74E43}.Release|Any CPU.Build.0 = Release|Any CPU
		{0EAC9624-359B-4B44-ABA0-5C9F8E2710FF}.Debug|Any CPU.ActiveCfg = Debug|Any CPU
		{0EAC9624-359B-4B44-ABA0-5C9F8E2710FF}.Debug|Any CPU.Build.0 = Debug|Any CPU
		{0EAC9624-359B-4B44-ABA0-5C9F8E2710FF}.Release|Any CPU.ActiveCfg = Release|Any CPU
		{0EAC9624-359B-4B44-ABA0-5C9F8E2710FF}.Release|Any CPU.Build.0 = Release|Any CPU
		{52354F9F-A702-45F7-A052-A29BA2DC290D}.Debug|Any CPU.ActiveCfg = Debug|Any CPU
		{52354F9F-A702-45F7-A052-A29BA2DC290D}.Debug|Any CPU.Build.0 = Debug|Any CPU
		{52354F9F-A702-45F7-A052-A29BA2DC290D}.Release|Any CPU.ActiveCfg = Release|Any CPU
		{52354F9F-A702-45F7-A052-A29BA2DC290D}.Release|Any CPU.Build.0 = Release|Any CPU
		{F85E51F1-CD45-486C-87CA-4FAB85D5DD8E}.Debug|Any CPU.ActiveCfg = Debug|Any CPU
		{F85E51F1-CD45-486C-87CA-4FAB85D5DD8E}.Debug|Any CPU.Build.0 = Debug|Any CPU
		{F85E51F1-CD45-486C-87CA-4FAB85D5DD8E}.Release|Any CPU.ActiveCfg = Release|Any CPU
		{F85E51F1-CD45-486C-87CA-4FAB85D5DD8E}.Release|Any CPU.Build.0 = Release|Any CPU
		{A659F6C4-D456-4060-A468-D4CB4608D64C}.Debug|Any CPU.ActiveCfg = Debug|Any CPU
		{A659F6C4-D456-4060-A468-D4CB4608D64C}.Debug|Any CPU.Build.0 = Debug|Any CPU
		{A659F6C4-D456-4060-A468-D4CB4608D64C}.Release|Any CPU.ActiveCfg = Release|Any CPU
		{A659F6C4-D456-4060-A468-D4CB4608D64C}.Release|Any CPU.Build.0 = Release|Any CPU
	EndGlobalSection
	GlobalSection(SolutionProperties) = preSolution
		HideSolutionNode = FALSE
	EndGlobalSection
	GlobalSection(ExtensibilityGlobals) = postSolution
		SolutionGuid = {B0EFBE7C-D7E8-4AFF-BCE0-E7300DA43512}
	EndGlobalSection
EndGlobal
